
Microsoft Visual Studio Solution File, Format Version 12.00
# Visual Studio Version 17
VisualStudioVersion = 17.3.32825.248
MinimumVisualStudioVersion = 10.0.40219.1
Project("{FAE04EC0-301F-11D3-BF4B-00C04F79EFBC}") = "Week3IfAndSwitch", "Week3IfAndSwitch\Week3IfAndSwitch.csproj", "{7168E9E6-A1EB-4AF7-BF2B-297A9BE10066}"
EndProject
Project("{FAE04EC0-301F-11D3-BF4B-00C04F79EFBC}") = "OddOrEvent", "OddOrEvent\OddOrEvent.csproj", "{F16E71AB-9283-441D-BDFF-244731ADE918}"
EndProject
Project("{FAE04EC0-301F-11D3-BF4B-00C04F79EFBC}") = "IfDay OfTheWeek", "IfDay OfTheWeek\IfDay OfTheWeek.csproj", "{07867D6F-FD3E-4440-A00D-DC99CF04DD44}"
EndProject
Project("{FAE04EC0-301F-11D3-BF4B-00C04F79EFBC}") = "SwitchDayOfTheWeek", "SwitchDayOfTheWeek\SwitchDayOfTheWeek.csproj", "{7DF86C38-92E0-4B3E-9A82-AA11C4CC63E3}"
EndProject
Global
	GlobalSection(SolutionConfigurationPlatforms) = preSolution
		Debug|Any CPU = Debug|Any CPU
		Release|Any CPU = Release|Any CPU
	EndGlobalSection
	GlobalSection(ProjectConfigurationPlatforms) = postSolution
		{7168E9E6-A1EB-4AF7-BF2B-297A9BE10066}.Debug|Any CPU.ActiveCfg = Debug|Any CPU
		{7168E9E6-A1EB-4AF7-BF2B-297A9BE10066}.Debug|Any CPU.Build.0 = Debug|Any CPU
		{7168E9E6-A1EB-4AF7-BF2B-297A9BE10066}.Release|Any CPU.ActiveCfg = Release|Any CPU
		{7168E9E6-A1EB-4AF7-BF2B-297A9BE10066}.Release|Any CPU.Build.0 = Release|Any CPU
		{F16E71AB-9283-441D-BDFF-244731ADE918}.Debug|Any CPU.ActiveCfg = Debug|Any CPU
		{F16E71AB-9283-441D-BDFF-244731ADE918}.Debug|Any CPU.Build.0 = Debug|Any CPU
		{F16E71AB-9283-441D-BDFF-244731ADE918}.Release|Any CPU.ActiveCfg = Release|Any CPU
		{F16E71AB-9283-441D-BDFF-244731ADE918}.Release|Any CPU.Build.0 = Release|Any CPU
		{07867D6F-FD3E-4440-A00D-DC99CF04DD44}.Debug|Any CPU.ActiveCfg = Debug|Any CPU
		{07867D6F-FD3E-4440-A00D-DC99CF04DD44}.Debug|Any CPU.Build.0 = Debug|Any CPU
		{07867D6F-FD3E-4440-A00D-DC99CF04DD44}.Release|Any CPU.ActiveCfg = Release|Any CPU
		{07867D6F-FD3E-4440-A00D-DC99CF04DD44}.Release|Any CPU.Build.0 = Release|Any CPU
		{7DF86C38-92E0-4B3E-9A82-AA11C4CC63E3}.Debug|Any CPU.ActiveCfg = Debug|Any CPU
		{7DF86C38-92E0-4B3E-9A82-AA11C4CC63E3}.Debug|Any CPU.Build.0 = Debug|Any CPU
		{7DF86C38-92E0-4B3E-9A82-AA11C4CC63E3}.Release|Any CPU.ActiveCfg = Release|Any CPU
		{7DF86C38-92E0-4B3E-9A82-AA11C4CC63E3}.Release|Any CPU.Build.0 = Release|Any CPU
	EndGlobalSection
	GlobalSection(SolutionProperties) = preSolution
		HideSolutionNode = FALSE
	EndGlobalSection
	GlobalSection(ExtensibilityGlobals) = postSolution
		SolutionGuid = {0960A896-F0A9-4E8D-B6F7-76357054FF96}
	EndGlobalSection
EndGlobal
